
Microsoft Visual Studio Solution File, Format Version 12.00
# Visual Studio Version 17
VisualStudioVersion = 17.13.35806.99 d17.13
MinimumVisualStudioVersion = 10.0.40219.1
Project("{FAE04EC0-301F-11D3-BF4B-00C04F79EFBC}") = "EducationalPlatform", "EducationalPlatform.csproj", "{59219A40-3C7C-4E80-96FA-88C2DEE15896}"
EndProject
Global
	GlobalSection(SolutionConfigurationPlatforms) = preSolution
		Debug|Any CPU = Debug|Any CPU
		Release|Any CPU = Release|Any CPU
	EndGlobalSection
	GlobalSection(ProjectConfigurationPlatforms) = postSolution
		{59219A40-3C7C-4E80-96FA-88C2DEE15896}.Debug|Any CPU.ActiveCfg = Debug|Any CPU
		{59219A40-3C7C-4E80-96FA-88C2DEE15896}.Debug|Any CPU.Build.0 = Debug|Any CPU
		{59219A40-3C7C-4E80-96FA-88C2DEE15896}.Release|Any CPU.ActiveCfg = Release|Any CPU
		{59219A40-3C7C-4E80-96FA-88C2DEE15896}.Release|Any CPU.Build.0 = Release|Any CPU
	EndGlobalSection
	GlobalSection(SolutionProperties) = preSolution
		HideSolutionNode = FALSE
	EndGlobalSection
	GlobalSection(ExtensibilityGlobals) = postSolution
		SolutionGuid = {2332C0C4-92D3-4BA9-BD58-C3D803AE3460}
	EndGlobalSection
EndGlobal
